# This file is autogenerated, do not edit; changes may be undone by the next 'dep ensure'.


[[projects]]
  name = "github.com/aws/aws-lambda-go"
  packages = [
    "lambda",
    "lambda/messages",
    "lambdacontext"
  ]
  revision = "4d30d0ff60440c2d0480a15747c96ee71c3c53d4"
  version = "v1.2.0"

[[projects]]
  name = "github.com/sbstjn/appsync-resolvers"
  packages = ["."]
  revision = "547ed838e000fb4cd2152bb47cefb90703db9b4e"
  version = "v0.2.0"

[solve-meta]
  analyzer-name = "dep"
  analyzer-version = 1
  inputs-digest = "293f565541d09d099c36a58c99b77b83423df3e8dda869256ad3ea4da9038fa1"
  solver-name = "gps-cdcl"
  solver-version = 1
