# This file is autogenerated, do not edit; changes may be undone by the next 'dep ensure'.


[[projects]]
  name = "github.com/aws/aws-lambda-go"
  packages = [
    "lambda",
    "lambda/messages",
    "lambdacontext"
  ]
  revision = "4d30d0ff60440c2d0480a15747c96ee71c3c53d4"
  version = "v1.2.0"

[[projects]]
  name = "github.com/sbstjn/appsync-resolvers"
  packages = ["."]
  revision = "e4875a95b129fefa491d51b73027477a2fd9065e"
  version = "v0.2.1"

[solve-meta]
  analyzer-name = "dep"
  analyzer-version = 1
  inputs-digest = "7236b24c7204f19c081a0edd25cedebee2933e72ba54e8176397936ad40e2694"
  solver-name = "gps-cdcl"
  solver-version = 1
