# This file is autogenerated, do not edit; changes may be undone by the next 'dep ensure'.


[[projects]]
  name = "github.com/aws/aws-lambda-go"
  packages = [
    "lambda",
    "lambda/messages",
    "lambdacontext"
  ]
  revision = "4d30d0ff60440c2d0480a15747c96ee71c3c53d4"
  version = "v1.2.0"

[[projects]]
  name = "github.com/sbstjn/appsync-resolvers"
  packages = ["."]
  revision = "e913d2f26c27fa61f73052e2037b064c85a2fcdb"
  version = "v0.3.0"

[solve-meta]
  analyzer-name = "dep"
  analyzer-version = 1
  inputs-digest = "2a27af2a9d98e2cd3b09009f64cb682d181eaeed60a758fcc99a3be3df0742ca"
  solver-name = "gps-cdcl"
  solver-version = 1
